[root]
name = "x86_64"
version = "0.1.0"
dependencies = [
 "byteorder 1.1.0 (registry+https://github.com/rust-lang/crates.io-index)",
 "data_model 0.1.0",
 "kvm 0.1.0",
 "kvm_sys 0.1.0",
 "libc 0.2.34 (registry+https://github.com/rust-lang/crates.io-index)",
 "sys_util 0.1.0",
]

[[package]]
name = "bitflags"
version = "1.0.1"
source = "registry+https://github.com/rust-lang/crates.io-index"

[[package]]
name = "byteorder"
version = "1.1.0"
source = "registry+https://github.com/rust-lang/crates.io-index"

[[package]]
name = "cfg-if"
version = "0.1.2"
source = "registry+https://github.com/rust-lang/crates.io-index"

[[package]]
name = "crosvm"
version = "0.1.0"
dependencies = [
 "byteorder 1.1.0 (registry+https://github.com/rust-lang/crates.io-index)",
 "data_model 0.1.0",
 "devices 0.1.0",
 "io_jail 0.1.0",
 "kernel_loader 0.1.0",
 "kvm 0.1.0",
 "libc 0.2.34 (registry+https://github.com/rust-lang/crates.io-index)",
 "plugin_proto 0.5.0",
 "qcow 0.1.0",
 "sys_util 0.1.0",
 "vm_control 0.1.0",
 "x86_64 0.1.0",
]

[[package]]
name = "data_model"
version = "0.1.0"

[[package]]
name = "devices"
version = "0.1.0"
dependencies = [
 "byteorder 1.1.0 (registry+https://github.com/rust-lang/crates.io-index)",
 "data_model 0.1.0",
 "io_jail 0.1.0",
 "libc 0.2.34 (registry+https://github.com/rust-lang/crates.io-index)",
 "net_sys 0.1.0",
 "net_util 0.1.0",
 "sys_util 0.1.0",
 "vhost 0.1.0",
 "virtio_sys 0.1.0",
 "vm_control 0.1.0",
]

[[package]]
name = "fuchsia-zircon"
version = "0.3.3"
source = "registry+https://github.com/rust-lang/crates.io-index"
dependencies = [
 "bitflags 1.0.1 (registry+https://github.com/rust-lang/crates.io-index)",
 "fuchsia-zircon-sys 0.3.3 (registry+https://github.com/rust-lang/crates.io-index)",
]

[[package]]
name = "fuchsia-zircon-sys"
version = "0.3.3"
source = "registry+https://github.com/rust-lang/crates.io-index"

[[package]]
name = "gcc"
version = "0.3.54"
source = "registry+https://github.com/rust-lang/crates.io-index"

[[package]]
name = "io_jail"
version = "0.1.0"
dependencies = [
 "libc 0.2.34 (registry+https://github.com/rust-lang/crates.io-index)",
]

[[package]]
name = "kernel_loader"
version = "0.1.0"
dependencies = [
 "libc 0.2.34 (registry+https://github.com/rust-lang/crates.io-index)",
 "sys_util 0.1.0",
]

[[package]]
name = "kvm"
version = "0.1.0"
dependencies = [
 "kvm_sys 0.1.0",
 "libc 0.2.34 (registry+https://github.com/rust-lang/crates.io-index)",
 "sys_util 0.1.0",
]

[[package]]
name = "kvm_sys"
version = "0.1.0"
dependencies = [
 "libc 0.2.34 (registry+https://github.com/rust-lang/crates.io-index)",
 "sys_util 0.1.0",
]

[[package]]
name = "libc"
version = "0.2.34"
source = "registry+https://github.com/rust-lang/crates.io-index"

[[package]]
name = "log"
version = "0.4.1"
source = "registry+https://github.com/rust-lang/crates.io-index"
dependencies = [
 "cfg-if 0.1.2 (registry+https://github.com/rust-lang/crates.io-index)",
]

[[package]]
name = "net_sys"
version = "0.1.0"
dependencies = [
 "sys_util 0.1.0",
]

[[package]]
name = "net_util"
version = "0.1.0"
dependencies = [
 "libc 0.2.34 (registry+https://github.com/rust-lang/crates.io-index)",
 "net_sys 0.1.0",
 "sys_util 0.1.0",
]

[[package]]
name = "plugin_proto"
version = "0.5.0"
dependencies = [
 "gcc 0.3.54 (registry+https://github.com/rust-lang/crates.io-index)",
 "protobuf 1.4.3 (registry+https://github.com/rust-lang/crates.io-index)",
 "protoc-rust 1.4.3 (registry+https://github.com/rust-lang/crates.io-index)",
]

[[package]]
name = "protobuf"
version = "1.4.3"
source = "registry+https://github.com/rust-lang/crates.io-index"

[[package]]
name = "protoc"
version = "1.4.3"
source = "registry+https://github.com/rust-lang/crates.io-index"
dependencies = [
 "log 0.4.1 (registry+https://github.com/rust-lang/crates.io-index)",
]

[[package]]
name = "protoc-rust"
version = "1.4.3"
source = "registry+https://github.com/rust-lang/crates.io-index"
dependencies = [
 "protobuf 1.4.3 (registry+https://github.com/rust-lang/crates.io-index)",
 "protoc 1.4.3 (registry+https://github.com/rust-lang/crates.io-index)",
 "tempdir 0.3.5 (registry+https://github.com/rust-lang/crates.io-index)",
]

[[package]]
name = "qcow"
version = "0.1.0"
dependencies = [
 "byteorder 1.1.0 (registry+https://github.com/rust-lang/crates.io-index)",
 "libc 0.2.34 (registry+https://github.com/rust-lang/crates.io-index)",
 "sys_util 0.1.0",
]

[[package]]
name = "rand"
version = "0.3.20"
source = "registry+https://github.com/rust-lang/crates.io-index"
dependencies = [
 "fuchsia-zircon 0.3.3 (registry+https://github.com/rust-lang/crates.io-index)",
 "libc 0.2.34 (registry+https://github.com/rust-lang/crates.io-index)",
]

[[package]]
name = "sys_util"
version = "0.1.0"
dependencies = [
 "data_model 0.1.0",
 "gcc 0.3.54 (registry+https://github.com/rust-lang/crates.io-index)",
 "libc 0.2.34 (registry+https://github.com/rust-lang/crates.io-index)",
 "syscall_defines 0.1.0",
]

[[package]]
name = "syscall_defines"
version = "0.1.0"

[[package]]
name = "tempdir"
version = "0.3.5"
source = "registry+https://github.com/rust-lang/crates.io-index"
dependencies = [
 "rand 0.3.20 (registry+https://github.com/rust-lang/crates.io-index)",
]

[[package]]
name = "vhost"
version = "0.1.0"
dependencies = [
 "libc 0.2.34 (registry+https://github.com/rust-lang/crates.io-index)",
 "net_util 0.1.0",
 "sys_util 0.1.0",
 "virtio_sys 0.1.0",
]

[[package]]
name = "virtio_sys"
version = "0.1.0"
dependencies = [
 "sys_util 0.1.0",
]

[[package]]
name = "vm_control"
version = "0.1.0"
dependencies = [
 "byteorder 1.1.0 (registry+https://github.com/rust-lang/crates.io-index)",
 "data_model 0.1.0",
 "kvm 0.1.0",
 "libc 0.2.34 (registry+https://github.com/rust-lang/crates.io-index)",
 "sys_util 0.1.0",
]

[metadata]
"checksum bitflags 1.0.1 (registry+https://github.com/rust-lang/crates.io-index)" = "b3c30d3802dfb7281680d6285f2ccdaa8c2d8fee41f93805dba5c4cf50dc23cf"
"checksum byteorder 1.1.0 (registry+https://github.com/rust-lang/crates.io-index)" = "ff81738b726f5d099632ceaffe7fb65b90212e8dce59d518729e7e8634032d3d"
"checksum cfg-if 0.1.2 (registry+https://github.com/rust-lang/crates.io-index)" = "d4c819a1287eb618df47cc647173c5c4c66ba19d888a6e50d605672aed3140de"
"checksum fuchsia-zircon 0.3.3 (registry+https://github.com/rust-lang/crates.io-index)" = "2e9763c69ebaae630ba35f74888db465e49e259ba1bc0eda7d06f4a067615d82"
"checksum fuchsia-zircon-sys 0.3.3 (registry+https://github.com/rust-lang/crates.io-index)" = "3dcaa9ae7725d12cdb85b3ad99a434db70b468c09ded17e012d86b5c1010f7a7"
"checksum gcc 0.3.54 (registry+https://github.com/rust-lang/crates.io-index)" = "5e33ec290da0d127825013597dbdfc28bee4964690c7ce1166cbc2a7bd08b1bb"
"checksum libc 0.2.34 (registry+https://github.com/rust-lang/crates.io-index)" = "36fbc8a8929c632868295d0178dd8f63fc423fd7537ad0738372bd010b3ac9b0"
"checksum log 0.4.1 (registry+https://github.com/rust-lang/crates.io-index)" = "89f010e843f2b1a31dbd316b3b8d443758bc634bed37aabade59c686d644e0a2"
"checksum protobuf 1.4.3 (registry+https://github.com/rust-lang/crates.io-index)" = "bec26e67194b7d991908145fdf21b7cae8b08423d96dcb9e860cd31f854b9506"
"checksum protoc 1.4.3 (registry+https://github.com/rust-lang/crates.io-index)" = "5379c34ea2f9c69b99e6f25f6d0e6619876195ae7a3dcaf69f66bdb6c2e4dceb"
"checksum protoc-rust 1.4.3 (registry+https://github.com/rust-lang/crates.io-index)" = "e211a7f56b2d020a59d483f652cfdfa6fd42e37bf544c0231e373807aa316c45"
"checksum rand 0.3.20 (registry+https://github.com/rust-lang/crates.io-index)" = "512870020642bb8c221bf68baa1b2573da814f6ccfe5c9699b1c303047abe9b1"
"checksum tempdir 0.3.5 (registry+https://github.com/rust-lang/crates.io-index)" = "87974a6f5c1dfb344d733055601650059a3363de2a6104819293baff662132d6"
